// !$*UTF8*$!
{
	archiveVersion = 1;
	classes = {
	};
	objectVersion = 50;
	objects = {

/* Begin PBXBuildFile section */
		6386301B20868ACE0028E574 /* AppDelegate.swift in Sources */ = {isa = PBXBuildFile; fileRef = 6386301A20868ACE0028E574 /* AppDelegate.swift */; };
		6386302020868ACE0028E574 /* Main.storyboard in Resources */ = {isa = PBXBuildFile; fileRef = 6386301E20868ACE0028E574 /* Main.storyboard */; };
		6386302220868ACF0028E574 /* Assets.xcassets in Resources */ = {isa = PBXBuildFile; fileRef = 6386302120868ACF0028E574 /* Assets.xcassets */; };
		6386302520868ACF0028E574 /* LaunchScreen.storyboard in Resources */ = {isa = PBXBuildFile; fileRef = 6386302320868ACF0028E574 /* LaunchScreen.storyboard */; };
		6386303B20868DBF0028E574 /* ListViewController.swift in Sources */ = {isa = PBXBuildFile; fileRef = 6386303A20868DBF0028E574 /* ListViewController.swift */; };
		6386303D208692040028E574 /* ListItem.swift in Sources */ = {isa = PBXBuildFile; fileRef = 6386303C208692040028E574 /* ListItem.swift */; };
		6386303F208693690028E574 /* DetailViewController.swift in Sources */ = {isa = PBXBuildFile; fileRef = 6386303E208693690028E574 /* DetailViewController.swift */; };
		63D902B020874672004C879D /* AddItemsTests.swift in Sources */ = {isa = PBXBuildFile; fileRef = 63D902AF20874672004C879D /* AddItemsTests.swift */; };
		63D902B220874854004C879D /* StorageHelper.swift in Sources */ = {isa = PBXBuildFile; fileRef = 63D902B120874854004C879D /* StorageHelper.swift */; };
		63D902B420874AAC004C879D /* CustomButtonView.swift in Sources */ = {isa = PBXBuildFile; fileRef = 63D902B320874AAC004C879D /* CustomButtonView.swift */; };
		63D902B620874E54004C879D /* ListItemTableViewCell.swift in Sources */ = {isa = PBXBuildFile; fileRef = 63D902B520874E54004C879D /* ListItemTableViewCell.swift */; };
		63D902BA20875B9A004C879D /* Actions.swift in Sources */ = {isa = PBXBuildFile; fileRef = 63D902B920875B9A004C879D /* Actions.swift */; };
/* End PBXBuildFile section */

/* Begin PBXContainerItemProxy section */
		6386302C20868ACF0028E574 /* PBXContainerItemProxy */ = {
			isa = PBXContainerItemProxy;
			containerPortal = 6386300F20868ACE0028E574 /* Project object */;
			proxyType = 1;
			remoteGlobalIDString = 6386301620868ACE0028E574;
			remoteInfo = ToDoSample;
		};
/* End PBXContainerItemProxy section */

/* Begin PBXFileReference section */
		6386301720868ACE0028E574 /* ToDoSample.app */ = {isa = PBXFileReference; explicitFileType = wrapper.application; includeInIndex = 0; path = ToDoSample.app; sourceTree = BUILT_PRODUCTS_DIR; };
		6386301A20868ACE0028E574 /* AppDelegate.swift */ = {isa = PBXFileReference; lastKnownFileType = sourcecode.swift; path = AppDelegate.swift; sourceTree = "<group>"; };
		6386301F20868ACE0028E574 /* Base */ = {isa = PBXFileReference; lastKnownFileType = file.storyboard; name = Base; path = Base.lproj/Main.storyboard; sourceTree = "<group>"; };
		6386302120868ACF0028E574 /* Assets.xcassets */ = {isa = PBXFileReference; lastKnownFileType = folder.assetcatalog; path = Assets.xcassets; sourceTree = "<group>"; };
		6386302420868ACF0028E574 /* Base */ = {isa = PBXFileReference; lastKnownFileType = file.storyboard; name = Base; path = Base.lproj/LaunchScreen.storyboard; sourceTree = "<group>"; };
		6386302620868ACF0028E574 /* Info.plist */ = {isa = PBXFileReference; lastKnownFileType = text.plist.xml; path = Info.plist; sourceTree = "<group>"; };
		6386302B20868ACF0028E574 /* ToDoSampleUITests.xctest */ = {isa = PBXFileReference; explicitFileType = wrapper.cfbundle; includeInIndex = 0; path = ToDoSampleUITests.xctest; sourceTree = BUILT_PRODUCTS_DIR; };
		6386303120868ACF0028E574 /* Info.plist */ = {isa = PBXFileReference; lastKnownFileType = text.plist.xml; path = Info.plist; sourceTree = "<group>"; };
		6386303A20868DBF0028E574 /* ListViewController.swift */ = {isa = PBXFileReference; lastKnownFileType = sourcecode.swift; path = ListViewController.swift; sourceTree = "<group>"; };
		6386303C208692040028E574 /* ListItem.swift */ = {isa = PBXFileReference; lastKnownFileType = sourcecode.swift; path = ListItem.swift; sourceTree = "<group>"; };
		6386303E208693690028E574 /* DetailViewController.swift */ = {isa = PBXFileReference; lastKnownFileType = sourcecode.swift; path = DetailViewController.swift; sourceTree = "<group>"; };
		63D902AF20874672004C879D /* AddItemsTests.swift */ = {isa = PBXFileReference; lastKnownFileType = sourcecode.swift; path = AddItemsTests.swift; sourceTree = "<group>"; };
		63D902B120874854004C879D /* StorageHelper.swift */ = {isa = PBXFileReference; lastKnownFileType = sourcecode.swift; path = StorageHelper.swift; sourceTree = "<group>"; };
		63D902B320874AAC004C879D /* CustomButtonView.swift */ = {isa = PBXFileReference; lastKnownFileType = sourcecode.swift; path = CustomButtonView.swift; sourceTree = "<group>"; };
		63D902B520874E54004C879D /* ListItemTableViewCell.swift */ = {isa = PBXFileReference; lastKnownFileType = sourcecode.swift; path = ListItemTableViewCell.swift; sourceTree = "<group>"; };
		63D902B920875B9A004C879D /* Actions.swift */ = {isa = PBXFileReference; lastKnownFileType = sourcecode.swift; path = Actions.swift; sourceTree = "<group>"; };
/* End PBXFileReference section */

/* Begin PBXFrameworksBuildPhase section */
		6386301420868ACE0028E574 /* Frameworks */ = {
			isa = PBXFrameworksBuildPhase;
			buildActionMask = 2147483647;
			files = (
			);
			runOnlyForDeploymentPostprocessing = 0;
		};
		6386302820868ACF0028E574 /* Frameworks */ = {
			isa = PBXFrameworksBuildPhase;
			buildActionMask = 2147483647;
			files = (
			);
			runOnlyForDeploymentPostprocessing = 0;
		};
/* End PBXFrameworksBuildPhase section */

/* Begin PBXGroup section */
		6386300E20868ACE0028E574 = {
			isa = PBXGroup;
			children = (
				6386301920868ACE0028E574 /* ToDoSample */,
				6386302E20868ACF0028E574 /* ToDoSampleUITests */,
				6386301820868ACE0028E574 /* Products */,
			);
			sourceTree = "<group>";
		};
		6386301820868ACE0028E574 /* Products */ = {
			isa = PBXGroup;
			children = (
				6386301720868ACE0028E574 /* ToDoSample.app */,
				6386302B20868ACF0028E574 /* ToDoSampleUITests.xctest */,
			);
			name = Products;
			sourceTree = "<group>";
		};
		6386301920868ACE0028E574 /* ToDoSample */ = {
			isa = PBXGroup;
			children = (
				6386301A20868ACE0028E574 /* AppDelegate.swift */,
				6386301E20868ACE0028E574 /* Main.storyboard */,
				6386302120868ACF0028E574 /* Assets.xcassets */,
				6386302320868ACF0028E574 /* LaunchScreen.storyboard */,
				6386302620868ACF0028E574 /* Info.plist */,
				6386303A20868DBF0028E574 /* ListViewController.swift */,
				6386303C208692040028E574 /* ListItem.swift */,
				6386303E208693690028E574 /* DetailViewController.swift */,
				63D902B120874854004C879D /* StorageHelper.swift */,
				63D902B320874AAC004C879D /* CustomButtonView.swift */,
				63D902B520874E54004C879D /* ListItemTableViewCell.swift */,
			);
			path = ToDoSample;
			sourceTree = "<group>";
		};
		6386302E20868ACF0028E574 /* ToDoSampleUITests */ = {
			isa = PBXGroup;
			children = (
				6386303120868ACF0028E574 /* Info.plist */,
				63D902AF20874672004C879D /* AddItemsTests.swift */,
				63D902B920875B9A004C879D /* Actions.swift */,
			);
			path = ToDoSampleUITests;
			sourceTree = "<group>";
		};
/* End PBXGroup section */

/* Begin PBXNativeTarget section */
		6386301620868ACE0028E574 /* ToDoSample */ = {
			isa = PBXNativeTarget;
			buildConfigurationList = 6386303420868ACF0028E574 /* Build configuration list for PBXNativeTarget "ToDoSample" */;
			buildPhases = (
				6386301320868ACE0028E574 /* Sources */,
				6386301420868ACE0028E574 /* Frameworks */,
				6386301520868ACE0028E574 /* Resources */,
			);
			buildRules = (
			);
			dependencies = (
			);
			name = ToDoSample;
			productName = ToDoSample;
			productReference = 6386301720868ACE0028E574 /* ToDoSample.app */;
			productType = "com.apple.product-type.application";
		};
		6386302A20868ACF0028E574 /* ToDoSampleUITests */ = {
			isa = PBXNativeTarget;
			buildConfigurationList = 6386303720868ACF0028E574 /* Build configuration list for PBXNativeTarget "ToDoSampleUITests" */;
			buildPhases = (
				6386302720868ACF0028E574 /* Sources */,
				6386302820868ACF0028E574 /* Frameworks */,
				6386302920868ACF0028E574 /* Resources */,
			);
			buildRules = (
			);
			dependencies = (
				6386302D20868ACF0028E574 /* PBXTargetDependency */,
			);
			name = ToDoSampleUITests;
			productName = ToDoSampleUITests;
			productReference = 6386302B20868ACF0028E574 /* ToDoSampleUITests.xctest */;
			productType = "com.apple.product-type.bundle.ui-testing";
		};
/* End PBXNativeTarget section */

/* Begin PBXProject section */
		6386300F20868ACE0028E574 /* Project object */ = {
			isa = PBXProject;
			attributes = {
				LastSwiftUpdateCheck = 0930;
				LastUpgradeCheck = 0930;
				ORGANIZATIONNAME = Saucelabs;
				TargetAttributes = {
					6386301620868ACE0028E574 = {
						CreatedOnToolsVersion = 9.3;
					};
					6386302A20868ACF0028E574 = {
						CreatedOnToolsVersion = 9.3;
						LastSwiftMigration = 0930;
						TestTargetID = 6386301620868ACE0028E574;
					};
				};
			};
			buildConfigurationList = 6386301220868ACE0028E574 /* Build configuration list for PBXProject "ToDoSample" */;
			compatibilityVersion = "Xcode 9.3";
			developmentRegion = en;
			hasScannedForEncodings = 0;
			knownRegions = (
				en,
				Base,
			);
			mainGroup = 6386300E20868ACE0028E574;
			productRefGroup = 6386301820868ACE0028E574 /* Products */;
			projectDirPath = "";
			projectRoot = "";
			targets = (
				6386301620868ACE0028E574 /* ToDoSample */,
				6386302A20868ACF0028E574 /* ToDoSampleUITests */,
			);
		};
/* End PBXProject section */

/* Begin PBXResourcesBuildPhase section */
		6386301520868ACE0028E574 /* Resources */ = {
			isa = PBXResourcesBuildPhase;
			buildActionMask = 2147483647;
			files = (
				6386302520868ACF0028E574 /* LaunchScreen.storyboard in Resources */,
				6386302220868ACF0028E574 /* Assets.xcassets in Resources */,
				6386302020868ACE0028E574 /* Main.storyboard in Resources */,
			);
			runOnlyForDeploymentPostprocessing = 0;
		};
		6386302920868ACF0028E574 /* Resources */ = {
			isa = PBXResourcesBuildPhase;
			buildActionMask = 2147483647;
			files = (
			);
			runOnlyForDeploymentPostprocessing = 0;
		};
/* End PBXResourcesBuildPhase section */

/* Begin PBXSourcesBuildPhase section */
		6386301320868ACE0028E574 /* Sources */ = {
			isa = PBXSourcesBuildPhase;
			buildActionMask = 2147483647;
			files = (
				6386303D208692040028E574 /* ListItem.swift in Sources */,
				6386303F208693690028E574 /* DetailViewController.swift in Sources */,
				63D902B620874E54004C879D /* ListItemTableViewCell.swift in Sources */,
				6386301B20868ACE0028E574 /* AppDelegate.swift in Sources */,
				63D902B420874AAC004C879D /* CustomButtonView.swift in Sources */,
				6386303B20868DBF0028E574 /* ListViewController.swift in Sources */,
				63D902B220874854004C879D /* StorageHelper.swift in Sources */,
			);
			runOnlyForDeploymentPostprocessing = 0;
		};
		6386302720868ACF0028E574 /* Sources */ = {
			isa = PBXSourcesBuildPhase;
			buildActionMask = 2147483647;
			files = (
				63D902B020874672004C879D /* AddItemsTests.swift in Sources */,
				63D902BA20875B9A004C879D /* Actions.swift in Sources */,
			);
			runOnlyForDeploymentPostprocessing = 0;
		};
/* End PBXSourcesBuildPhase section */

/* Begin PBXTargetDependency section */
		6386302D20868ACF0028E574 /* PBXTargetDependency */ = {
			isa = PBXTargetDependency;
			target = 6386301620868ACE0028E574 /* ToDoSample */;
			targetProxy = 6386302C20868ACF0028E574 /* PBXContainerItemProxy */;
		};
/* End PBXTargetDependency section */

/* Begin PBXVariantGroup section */
		6386301E20868ACE0028E574 /* Main.storyboard */ = {
			isa = PBXVariantGroup;
			children = (
				6386301F20868ACE0028E574 /* Base */,
			);
			name = Main.storyboard;
			sourceTree = "<group>";
		};
		6386302320868ACF0028E574 /* LaunchScreen.storyboard */ = {
			isa = PBXVariantGroup;
			children = (
				6386302420868ACF0028E574 /* Base */,
			);
			name = LaunchScreen.storyboard;
			sourceTree = "<group>";
		};
/* End PBXVariantGroup section */

/* Begin XCBuildConfiguration section */
		6386303220868ACF0028E574 /* Debug */ = {
			isa = XCBuildConfiguration;
			buildSettings = {
				ALWAYS_SEARCH_USER_PATHS = NO;
				CLANG_ANALYZER_NONNULL = YES;
				CLANG_ANALYZER_NUMBER_OBJECT_CONVERSION = YES_AGGRESSIVE;
				CLANG_CXX_LANGUAGE_STANDARD = "gnu++14";
				CLANG_CXX_LIBRARY = "libc++";
				CLANG_ENABLE_MODULES = YES;
				CLANG_ENABLE_OBJC_ARC = YES;
				CLANG_ENABLE_OBJC_WEAK = YES;
				CLANG_WARN_BLOCK_CAPTURE_AUTORELEASING = YES;
				CLANG_WARN_BOOL_CONVERSION = YES;
				CLANG_WARN_COMMA = YES;
				CLANG_WARN_CONSTANT_CONVERSION = YES;
				CLANG_WARN_DEPRECATED_OBJC_IMPLEMENTATIONS = YES;
				CLANG_WARN_DIRECT_OBJC_ISA_USAGE = YES_ERROR;
				CLANG_WARN_DOCUMENTATION_COMMENTS = YES;
				CLANG_WARN_EMPTY_BODY = YES;
				CLANG_WARN_ENUM_CONVERSION = YES;
				CLANG_WARN_INFINITE_RECURSION = YES;
				CLANG_WARN_INT_CONVERSION = YES;
				CLANG_WARN_NON_LITERAL_NULL_CONVERSION = YES;
				CLANG_WARN_OBJC_IMPLICIT_RETAIN_SELF = YES;
				CLANG_WARN_OBJC_LITERAL_CONVERSION = YES;
				CLANG_WARN_OBJC_ROOT_CLASS = YES_ERROR;
				CLANG_WARN_RANGE_LOOP_ANALYSIS = YES;
				CLANG_WARN_STRICT_PROTOTYPES = YES;
				CLANG_WARN_SUSPICIOUS_MOVE = YES;
				CLANG_WARN_UNGUARDED_AVAILABILITY = YES_AGGRESSIVE;
				CLANG_WARN_UNREACHABLE_CODE = YES;
				CLANG_WARN__DUPLICATE_METHOD_MATCH = YES;
				CODE_SIGN_IDENTITY = "iPhone Developer";
				COPY_PHASE_STRIP = NO;
				DEBUG_INFORMATION_FORMAT = dwarf;
				ENABLE_STRICT_OBJC_MSGSEND = YES;
				ENABLE_TESTABILITY = YES;
				GCC_C_LANGUAGE_STANDARD = gnu11;
				GCC_DYNAMIC_NO_PIC = NO;
				GCC_NO_COMMON_BLOCKS = YES;
				GCC_OPTIMIZATION_LEVEL = 0;
				GCC_PREPROCESSOR_DEFINITIONS = (
					"DEBUG=1",
					"$(inherited)",
				);
				GCC_WARN_64_TO_32_BIT_CONVERSION = YES;
				GCC_WARN_ABOUT_RETURN_TYPE = YES_ERROR;
				GCC_WARN_UNDECLARED_SELECTOR = YES;
				GCC_WARN_UNINITIALIZED_AUTOS = YES_AGGRESSIVE;
				GCC_WARN_UNUSED_FUNCTION = YES;
				GCC_WARN_UNUSED_VARIABLE = YES;
				IPHONEOS_DEPLOYMENT_TARGET = 11.3;
				MTL_ENABLE_DEBUG_INFO = YES;
				ONLY_ACTIVE_ARCH = YES;
				SDKROOT = iphoneos;
				SWIFT_ACTIVE_COMPILATION_CONDITIONS = DEBUG;
				SWIFT_OPTIMIZATION_LEVEL = "-Onone";
			};
			name = Debug;
		};
		6386303320868ACF0028E574 /* Release */ = {
			isa = XCBuildConfiguration;
			buildSettings = {
				ALWAYS_SEARCH_USER_PATHS = NO;
				CLANG_ANALYZER_NONNULL = YES;
				CLANG_ANALYZER_NUMBER_OBJECT_CONVERSION = YES_AGGRESSIVE;
				CLANG_CXX_LANGUAGE_STANDARD = "gnu++14";
				CLANG_CXX_LIBRARY = "libc++";
				CLANG_ENABLE_MODULES = YES;
				CLANG_ENABLE_OBJC_ARC = YES;
				CLANG_ENABLE_OBJC_WEAK = YES;
				CLANG_WARN_BLOCK_CAPTURE_AUTORELEASING = YES;
				CLANG_WARN_BOOL_CONVERSION = YES;
				CLANG_WARN_COMMA = YES;
				CLANG_WARN_CONSTANT_CONVERSION = YES;
				CLANG_WARN_DEPRECATED_OBJC_IMPLEMENTATIONS = YES;
				CLANG_WARN_DIRECT_OBJC_ISA_USAGE = YES_ERROR;
				CLANG_WARN_DOCUMENTATION_COMMENTS = YES;
				CLANG_WARN_EMPTY_BODY = YES;
				CLANG_WARN_ENUM_CONVERSION = YES;
				CLANG_WARN_INFINITE_RECURSION = YES;
				CLANG_WARN_INT_CONVERSION = YES;
				CLANG_WARN_NON_LITERAL_NULL_CONVERSION = YES;
				CLANG_WARN_OBJC_IMPLICIT_RETAIN_SELF = YES;
				CLANG_WARN_OBJC_LITERAL_CONVERSION = YES;
				CLANG_WARN_OBJC_ROOT_CLASS = YES_ERROR;
				CLANG_WARN_RANGE_LOOP_ANALYSIS = YES;
				CLANG_WARN_STRICT_PROTOTYPES = YES;
				CLANG_WARN_SUSPICIOUS_MOVE = YES;
				CLANG_WARN_UNGUARDED_AVAILABILITY = YES_AGGRESSIVE;
				CLANG_WARN_UNREACHABLE_CODE = YES;
				CLANG_WARN__DUPLICATE_METHOD_MATCH = YES;
				CODE_SIGN_IDENTITY = "iPhone Developer";
				COPY_PHASE_STRIP = NO;
				DEBUG_INFORMATION_FORMAT = "dwarf-with-dsym";
				ENABLE_NS_ASSERTIONS = NO;
				ENABLE_STRICT_OBJC_MSGSEND = YES;
				GCC_C_LANGUAGE_STANDARD = gnu11;
				GCC_NO_COMMON_BLOCKS = YES;
				GCC_WARN_64_TO_32_BIT_CONVERSION = YES;
				GCC_WARN_ABOUT_RETURN_TYPE = YES_ERROR;
				GCC_WARN_UNDECLARED_SELECTOR = YES;
				GCC_WARN_UNINITIALIZED_AUTOS = YES_AGGRESSIVE;
				GCC_WARN_UNUSED_FUNCTION = YES;
				GCC_WARN_UNUSED_VARIABLE = YES;
				IPHONEOS_DEPLOYMENT_TARGET = 11.3;
				MTL_ENABLE_DEBUG_INFO = NO;
				SDKROOT = iphoneos;
				SWIFT_COMPILATION_MODE = wholemodule;
				SWIFT_OPTIMIZATION_LEVEL = "-O";
				VALIDATE_PRODUCT = YES;
			};
			name = Release;
		};
		6386303520868ACF0028E574 /* Debug */ = {
			isa = XCBuildConfiguration;
			buildSettings = {
				ASSETCATALOG_COMPILER_APPICON_NAME = AppIcon;
				CODE_SIGN_STYLE = Automatic;
				INFOPLIST_FILE = ToDoSample/Info.plist;
				IPHONEOS_DEPLOYMENT_TARGET = 9.3;
				LD_RUNPATH_SEARCH_PATHS = (
					"$(inherited)",
					"@executable_path/Frameworks",
				);
				PRODUCT_BUNDLE_IDENTIFIER = com.saucelabs.ToDoSample;
				PRODUCT_NAME = "$(TARGET_NAME)";
				SWIFT_VERSION = 4.0;
				TARGETED_DEVICE_FAMILY = "1,2";
			};
			name = Debug;
		};
		6386303620868ACF0028E574 /* Release */ = {
			isa = XCBuildConfiguration;
			buildSettings = {
				ASSETCATALOG_COMPILER_APPICON_NAME = AppIcon;
				CODE_SIGN_STYLE = Automatic;
				INFOPLIST_FILE = ToDoSample/Info.plist;
				IPHONEOS_DEPLOYMENT_TARGET = 9.3;
				LD_RUNPATH_SEARCH_PATHS = (
					"$(inherited)",
					"@executable_path/Frameworks",
				);
				PRODUCT_BUNDLE_IDENTIFIER = com.saucelabs.ToDoSample;
				PRODUCT_NAME = "$(TARGET_NAME)";
				SWIFT_VERSION = 4.0;
				TARGETED_DEVICE_FAMILY = "1,2";
			};
			name = Release;
		};
		6386303820868ACF0028E574 /* Debug */ = {
			isa = XCBuildConfiguration;
			buildSettings = {
				ALWAYS_EMBED_SWIFT_STANDARD_LIBRARIES = YES;
				CLANG_ENABLE_MODULES = YES;
				CODE_SIGN_STYLE = Automatic;
				INFOPLIST_FILE = ToDoSampleUITests/Info.plist;
				IPHONEOS_DEPLOYMENT_TARGET = 9.0;
				LD_RUNPATH_SEARCH_PATHS = (
					"$(inherited)",
					"@executable_path/Frameworks",
					"@loader_path/Frameworks",
				);
				PRODUCT_BUNDLE_IDENTIFIER = com.saucelabs.ToDoSampleUITests;
				PRODUCT_NAME = "$(TARGET_NAME)";
				SWIFT_OPTIMIZATION_LEVEL = "-Onone";
				SWIFT_VERSION = 4.0;
				TARGETED_DEVICE_FAMILY = "1,2";
				TEST_TARGET_NAME = ToDoSample;
			};
			name = Debug;
		};
		6386303920868ACF0028E574 /* Release */ = {
			isa = XCBuildConfiguration;
			buildSettings = {
				ALWAYS_EMBED_SWIFT_STANDARD_LIBRARIES = YES;
				CLANG_ENABLE_MODULES = YES;
				CODE_SIGN_STYLE = Automatic;
				INFOPLIST_FILE = ToDoSampleUITests/Info.plist;
				IPHONEOS_DEPLOYMENT_TARGET = 9.0;
				LD_RUNPATH_SEARCH_PATHS = (
					"$(inherited)",
					"@executable_path/Frameworks",
					"@loader_path/Frameworks",
				);
				PRODUCT_BUNDLE_IDENTIFIER = com.saucelabs.ToDoSampleUITests;
				PRODUCT_NAME = "$(TARGET_NAME)";
				SWIFT_VERSION = 4.0;
				TARGETED_DEVICE_FAMILY = "1,2";
				TEST_TARGET_NAME = ToDoSample;
			};
			name = Release;
		};
/* End XCBuildConfiguration section */

/* Begin XCConfigurationList section */
		6386301220868ACE0028E574 /* Build configuration list for PBXProject "ToDoSample" */ = {
			isa = XCConfigurationList;
			buildConfigurations = (
				6386303220868ACF0028E574 /* Debug */,
				6386303320868ACF0028E574 /* Release */,
			);
			defaultConfigurationIsVisible = 0;
			defaultConfigurationName = Release;
		};
		6386303420868ACF0028E574 /* Build configuration list for PBXNativeTarget "ToDoSample" */ = {
			isa = XCConfigurationList;
			buildConfigurations = (
				6386303520868ACF0028E574 /* Debug */,
				6386303620868ACF0028E574 /* Release */,
			);
			defaultConfigurationIsVisible = 0;
			defaultConfigurationName = Release;
		};
		6386303720868ACF0028E574 /* Build configuration list for PBXNativeTarget "ToDoSampleUITests" */ = {
			isa = XCConfigurationList;
			buildConfigurations = (
				6386303820868ACF0028E574 /* Debug */,
				6386303920868ACF0028E574 /* Release */,
			);
			defaultConfigurationIsVisible = 0;
			defaultConfigurationName = Release;
		};
/* End XCConfigurationList section */
	};
	rootObject = 6386300F20868ACE0028E574 /* Project object */;
}
